
Microsoft Visual Studio Solution File, Format Version 12.00
# Visual Studio Version 17
VisualStudioVersion = 17.5.2.0
MinimumVisualStudioVersion = 10.0.40219.1
Project("{FAE04EC0-301F-11D3-BF4B-00C04F79EFBC}") = "Labosi-ASP.NET", "Labosi-ASP.NET.csproj", "{F98BC55B-C1DE-BA91-88C8-F56CADCC602C}"
EndProject
Project("{FAE04EC0-301F-11D3-BF4B-00C04F79EFBC}") = "Labosi-ASP.NET.Tests", "Labosi-ASP.NET.Tests\Labosi-ASP.NET.Tests.csproj", "{9C4B86EB-6C13-46A1-AB0E-4D70922B2C20}"
EndProject
Project("{FAE04EC0-301F-11D3-BF4B-00C04F79EFBC}") = "Labosi-ASP.NET.E2ETests", "Labosi-ASP.NET.E2ETests\Labosi-ASP.NET.E2ETests.csproj", "{2DF6B928-80D5-46FF-9DA6-C039ECEC3F24}"
EndProject
Global
	GlobalSection(SolutionConfigurationPlatforms) = preSolution
		Debug|Any CPU = Debug|Any CPU
		Debug|x64 = Debug|x64
		Debug|x86 = Debug|x86
		Release|Any CPU = Release|Any CPU
		Release|x64 = Release|x64
		Release|x86 = Release|x86
	EndGlobalSection
	GlobalSection(ProjectConfigurationPlatforms) = postSolution
		{F98BC55B-C1DE-BA91-88C8-F56CADCC602C}.Debug|Any CPU.ActiveCfg = Debug|Any CPU
		{F98BC55B-C1DE-BA91-88C8-F56CADCC602C}.Debug|Any CPU.Build.0 = Debug|Any CPU
		{F98BC55B-C1DE-BA91-88C8-F56CADCC602C}.Debug|x64.ActiveCfg = Debug|Any CPU
		{F98BC55B-C1DE-BA91-88C8-F56CADCC602C}.Debug|x64.Build.0 = Debug|Any CPU
		{F98BC55B-C1DE-BA91-88C8-F56CADCC602C}.Debug|x86.ActiveCfg = Debug|Any CPU
		{F98BC55B-C1DE-BA91-88C8-F56CADCC602C}.Debug|x86.Build.0 = Debug|Any CPU
		{F98BC55B-C1DE-BA91-88C8-F56CADCC602C}.Release|Any CPU.ActiveCfg = Release|Any CPU
		{F98BC55B-C1DE-BA91-88C8-F56CADCC602C}.Release|Any CPU.Build.0 = Release|Any CPU
		{F98BC55B-C1DE-BA91-88C8-F56CADCC602C}.Release|x64.ActiveCfg = Release|Any CPU
		{F98BC55B-C1DE-BA91-88C8-F56CADCC602C}.Release|x64.Build.0 = Release|Any CPU
		{F98BC55B-C1DE-BA91-88C8-F56CADCC602C}.Release|x86.ActiveCfg = Release|Any CPU
		{F98BC55B-C1DE-BA91-88C8-F56CADCC602C}.Release|x86.Build.0 = Release|Any CPU
		{9C4B86EB-6C13-46A1-AB0E-4D70922B2C20}.Debug|Any CPU.ActiveCfg = Debug|Any CPU
		{9C4B86EB-6C13-46A1-AB0E-4D70922B2C20}.Debug|Any CPU.Build.0 = Debug|Any CPU
		{9C4B86EB-6C13-46A1-AB0E-4D70922B2C20}.Debug|x64.ActiveCfg = Debug|Any CPU
		{9C4B86EB-6C13-46A1-AB0E-4D70922B2C20}.Debug|x64.Build.0 = Debug|Any CPU
		{9C4B86EB-6C13-46A1-AB0E-4D70922B2C20}.Debug|x86.ActiveCfg = Debug|Any CPU
		{9C4B86EB-6C13-46A1-AB0E-4D70922B2C20}.Debug|x86.Build.0 = Debug|Any CPU
		{9C4B86EB-6C13-46A1-AB0E-4D70922B2C20}.Release|Any CPU.ActiveCfg = Release|Any CPU
		{9C4B86EB-6C13-46A1-AB0E-4D70922B2C20}.Release|Any CPU.Build.0 = Release|Any CPU
		{9C4B86EB-6C13-46A1-AB0E-4D70922B2C20}.Release|x64.ActiveCfg = Release|Any CPU
		{9C4B86EB-6C13-46A1-AB0E-4D70922B2C20}.Release|x64.Build.0 = Release|Any CPU
		{9C4B86EB-6C13-46A1-AB0E-4D70922B2C20}.Release|x86.ActiveCfg = Release|Any CPU
		{9C4B86EB-6C13-46A1-AB0E-4D70922B2C20}.Release|x86.Build.0 = Release|Any CPU
		{2DF6B928-80D5-46FF-9DA6-C039ECEC3F24}.Debug|Any CPU.ActiveCfg = Debug|Any CPU
		{2DF6B928-80D5-46FF-9DA6-C039ECEC3F24}.Debug|Any CPU.Build.0 = Debug|Any CPU
		{2DF6B928-80D5-46FF-9DA6-C039ECEC3F24}.Debug|x64.ActiveCfg = Debug|Any CPU
		{2DF6B928-80D5-46FF-9DA6-C039ECEC3F24}.Debug|x64.Build.0 = Debug|Any CPU
		{2DF6B928-80D5-46FF-9DA6-C039ECEC3F24}.Debug|x86.ActiveCfg = Debug|Any CPU
		{2DF6B928-80D5-46FF-9DA6-C039ECEC3F24}.Debug|x86.Build.0 = Debug|Any CPU
		{2DF6B928-80D5-46FF-9DA6-C039ECEC3F24}.Release|Any CPU.ActiveCfg = Release|Any CPU
		{2DF6B928-80D5-46FF-9DA6-C039ECEC3F24}.Release|Any CPU.Build.0 = Release|Any CPU
		{2DF6B928-80D5-46FF-9DA6-C039ECEC3F24}.Release|x64.ActiveCfg = Release|Any CPU
		{2DF6B928-80D5-46FF-9DA6-C039ECEC3F24}.Release|x64.Build.0 = Release|Any CPU
		{2DF6B928-80D5-46FF-9DA6-C039ECEC3F24}.Release|x86.ActiveCfg = Release|Any CPU
		{2DF6B928-80D5-46FF-9DA6-C039ECEC3F24}.Release|x86.Build.0 = Release|Any CPU
	EndGlobalSection
	GlobalSection(SolutionProperties) = preSolution
		HideSolutionNode = FALSE
	EndGlobalSection
	GlobalSection(ExtensibilityGlobals) = postSolution
		SolutionGuid = {35DA786E-EEE9-4B6A-B014-D93D9892AD61}
	EndGlobalSection
EndGlobal
